// !$*UTF8*$!
{
	archiveVersion = 1;
	classes = {
	};
	objectVersion = 51;
	objects = {

/* Begin PBXBuildFile section */
		0757D8F41796445C89EBB877 /* Pods_ExceriseDemo.framework in Frameworks */ = {isa = PBXBuildFile; fileRef = 448D4558143229367C6256A8 /* Pods_ExceriseDemo.framework */; };
		E64C3C3F26E21C3F0074DFFE /* ExerciseVC.swift in Sources */ = {isa = PBXBuildFile; fileRef = E64C3C3E26E21C3F0074DFFE /* ExerciseVC.swift */; };
		E64C3C4126E222960074DFFE /* Main.storyboard in Resources */ = {isa = PBXBuildFile; fileRef = E64C3C4026E222960074DFFE /* Main.storyboard */; };
		E64D9B6426E5E1B700148658 /* CameraPreview.swift in Sources */ = {isa = PBXBuildFile; fileRef = E64D9B6326E5E1B600148658 /* CameraPreview.swift */; };
		E67F564426E1E7F300079D3F /* AppDelegate.swift in Sources */ = {isa = PBXBuildFile; fileRef = E67F564326E1E7F300079D3F /* AppDelegate.swift */; };
		E67F564D26E1E7F500079D3F /* Assets.xcassets in Resources */ = {isa = PBXBuildFile; fileRef = E67F564C26E1E7F500079D3F /* Assets.xcassets */; };
		E67F565026E1E7F500079D3F /* LaunchScreen.storyboard in Resources */ = {isa = PBXBuildFile; fileRef = E67F564E26E1E7F500079D3F /* LaunchScreen.storyboard */; };
		E67F565B26E1E7F600079D3F /* ExceriseDemoTests.swift in Sources */ = {isa = PBXBuildFile; fileRef = E67F565A26E1E7F600079D3F /* ExceriseDemoTests.swift */; };
		E67F566626E1E7F600079D3F /* ExceriseDemoUITests.swift in Sources */ = {isa = PBXBuildFile; fileRef = E67F566526E1E7F600079D3F /* ExceriseDemoUITests.swift */; };
		E67F56B726E1EADD00079D3F /* ApiCall.swift in Sources */ = {isa = PBXBuildFile; fileRef = E67F567826E1EADD00079D3F /* ApiCall.swift */; };
		E67F56B826E1EADD00079D3F /* MultiPart.swift in Sources */ = {isa = PBXBuildFile; fileRef = E67F567926E1EADD00079D3F /* MultiPart.swift */; };
		E67F56B926E1EADD00079D3F /* JsonSerializer.swift in Sources */ = {isa = PBXBuildFile; fileRef = E67F567C26E1EADD00079D3F /* JsonSerializer.swift */; };
		E67F56BA26E1EADD00079D3F /* UIButtonExtension.swift in Sources */ = {isa = PBXBuildFile; fileRef = E67F567E26E1EADD00079D3F /* UIButtonExtension.swift */; };
		E67F56BB26E1EADD00079D3F /* ArrayExtensions.swift in Sources */ = {isa = PBXBuildFile; fileRef = E67F567F26E1EADD00079D3F /* ArrayExtensions.swift */; };
		E67F56BC26E1EADD00079D3F /* UITextViewExtension.swift in Sources */ = {isa = PBXBuildFile; fileRef = E67F568026E1EADD00079D3F /* UITextViewExtension.swift */; };
		E67F56BD26E1EADD00079D3F /* FloatExtensions.swift in Sources */ = {isa = PBXBuildFile; fileRef = E67F568126E1EADD00079D3F /* FloatExtensions.swift */; };
		E67F56BE26E1EADD00079D3F /* ImageVideoPickerExtension.swift in Sources */ = {isa = PBXBuildFile; fileRef = E67F568226E1EADD00079D3F /* ImageVideoPickerExtension.swift */; };
		E67F56BF26E1EADD00079D3F /* FontChangesExtension.swift in Sources */ = {isa = PBXBuildFile; fileRef = E67F568326E1EADD00079D3F /* FontChangesExtension.swift */; };
		E67F56C026E1EADD00079D3F /* ColorChange.swift in Sources */ = {isa = PBXBuildFile; fileRef = E67F568426E1EADD00079D3F /* ColorChange.swift */; };
		E67F56C126E1EADD00079D3F /* UITextFieldExtension.swift in Sources */ = {isa = PBXBuildFile; fileRef = E67F568526E1EADD00079D3F /* UITextFieldExtension.swift */; };
		E67F56C226E1EADD00079D3F /* DictionaryExtensions.swift in Sources */ = {isa = PBXBuildFile; fileRef = E67F568626E1EADD00079D3F /* DictionaryExtensions.swift */; };
		E67F56C326E1EADD00079D3F /* StringExtensions.swift in Sources */ = {isa = PBXBuildFile; fileRef = E67F568726E1EADD00079D3F /* StringExtensions.swift */; };
		E67F56C426E1EADD00079D3F /* URLExtension.swift in Sources */ = {isa = PBXBuildFile; fileRef = E67F568826E1EADD00079D3F /* URLExtension.swift */; };
		E67F56C526E1EADD00079D3F /* Extension.swift in Sources */ = {isa = PBXBuildFile; fileRef = E67F568926E1EADD00079D3F /* Extension.swift */; };
		E67F56C626E1EADD00079D3F /* DoubleExtensions.swift in Sources */ = {isa = PBXBuildFile; fileRef = E67F568A26E1EADD00079D3F /* DoubleExtensions.swift */; };
		E67F56C726E1EADD00079D3F /* ViewExtension.swift in Sources */ = {isa = PBXBuildFile; fileRef = E67F568B26E1EADD00079D3F /* ViewExtension.swift */; };
		E67F56C826E1EADD00079D3F /* MonthYearPickerView.swift in Sources */ = {isa = PBXBuildFile; fileRef = E67F568C26E1EADD00079D3F /* MonthYearPickerView.swift */; };
		E67F56C926E1EADD00079D3F /* IntExtensions.swift in Sources */ = {isa = PBXBuildFile; fileRef = E67F568D26E1EADD00079D3F /* IntExtensions.swift */; };
		E67F56CA26E1EADD00079D3F /* DateExtensions.swift in Sources */ = {isa = PBXBuildFile; fileRef = E67F568E26E1EADD00079D3F /* DateExtensions.swift */; };
		E67F56CB26E1EADD00079D3F /* OptionalExtensions.swift in Sources */ = {isa = PBXBuildFile; fileRef = E67F568F26E1EADD00079D3F /* OptionalExtensions.swift */; };
		E67F56CC26E1EADD00079D3F /* UIImageExtension.swift in Sources */ = {isa = PBXBuildFile; fileRef = E67F569026E1EADD00079D3F /* UIImageExtension.swift */; };
		E67F56CD26E1EADD00079D3F /* GeoFencingManager.swift in Sources */ = {isa = PBXBuildFile; fileRef = E67F569226E1EADD00079D3F /* GeoFencingManager.swift */; };
		E67F56CE26E1EADD00079D3F /* Constants.swift in Sources */ = {isa = PBXBuildFile; fileRef = E67F569426E1EADD00079D3F /* Constants.swift */; };
		E67F56CF26E1EADD00079D3F /* UISideMenuNavigationController.swift in Sources */ = {isa = PBXBuildFile; fileRef = E67F569626E1EADD00079D3F /* UISideMenuNavigationController.swift */; };
		E67F56D026E1EADD00079D3F /* SideMenuManager.swift in Sources */ = {isa = PBXBuildFile; fileRef = E67F569726E1EADD00079D3F /* SideMenuManager.swift */; };
		E67F56D126E1EADD00079D3F /* SideMenuTransition.swift in Sources */ = {isa = PBXBuildFile; fileRef = E67F569826E1EADD00079D3F /* SideMenuTransition.swift */; };
		E67F56D226E1EADD00079D3F /* UITableViewVibrantCell.swift in Sources */ = {isa = PBXBuildFile; fileRef = E67F569926E1EADD00079D3F /* UITableViewVibrantCell.swift */; };
		E67F56D326E1EADD00079D3F /* ConnectionCheck.swift in Sources */ = {isa = PBXBuildFile; fileRef = E67F569B26E1EADD00079D3F /* ConnectionCheck.swift */; };
		E67F56E726E1EADD00079D3F /* NotificationDelegate.swift in Sources */ = {isa = PBXBuildFile; fileRef = E67F56B326E1EADD00079D3F /* NotificationDelegate.swift */; };
		E67F56E826E1EADD00079D3F /* Utility.swift in Sources */ = {isa = PBXBuildFile; fileRef = E67F56B426E1EADD00079D3F /* Utility.swift */; };
		E67F56E926E1EADD00079D3F /* Color.xcassets in Resources */ = {isa = PBXBuildFile; fileRef = E67F56B626E1EADD00079D3F /* Color.xcassets */; };
		E67F56EE26E1F4B800079D3F /* GetReadyVC.swift in Sources */ = {isa = PBXBuildFile; fileRef = E67F56ED26E1F4B800079D3F /* GetReadyVC.swift */; };
		E685C4F526E2484000CE5438 /* BreakTimeVC.swift in Sources */ = {isa = PBXBuildFile; fileRef = E685C4F426E2484000CE5438 /* BreakTimeVC.swift */; };
		E6AAA34526E39F3F00560FCB /* Poppins-ExtraLightItalic.ttf in Resources */ = {isa = PBXBuildFile; fileRef = E6AAA33226E39F3E00560FCB /* Poppins-ExtraLightItalic.ttf */; };
		E6AAA34626E39F3F00560FCB /* Poppins-Black.ttf in Resources */ = {isa = PBXBuildFile; fileRef = E6AAA33326E39F3E00560FCB /* Poppins-Black.ttf */; };
		E6AAA34726E39F3F00560FCB /* Poppins-SemiBold.ttf in Resources */ = {isa = PBXBuildFile; fileRef = E6AAA33426E39F3E00560FCB /* Poppins-SemiBold.ttf */; };
		E6AAA34826E39F3F00560FCB /* Poppins-ExtraBold.ttf in Resources */ = {isa = PBXBuildFile; fileRef = E6AAA33526E39F3E00560FCB /* Poppins-ExtraBold.ttf */; };
		E6AAA34926E39F3F00560FCB /* Poppins-MediumItalic.ttf in Resources */ = {isa = PBXBuildFile; fileRef = E6AAA33626E39F3E00560FCB /* Poppins-MediumItalic.ttf */; };
		E6AAA34A26E39F3F00560FCB /* Poppins-ExtraBoldItalic.ttf in Resources */ = {isa = PBXBuildFile; fileRef = E6AAA33726E39F3E00560FCB /* Poppins-ExtraBoldItalic.ttf */; };
		E6AAA34B26E39F3F00560FCB /* Poppins-Light.ttf in Resources */ = {isa = PBXBuildFile; fileRef = E6AAA33826E39F3E00560FCB /* Poppins-Light.ttf */; };
		E6AAA34C26E39F3F00560FCB /* Poppins-LightItalic.ttf in Resources */ = {isa = PBXBuildFile; fileRef = E6AAA33926E39F3E00560FCB /* Poppins-LightItalic.ttf */; };
		E6AAA34D26E39F3F00560FCB /* Poppins-Bold.ttf in Resources */ = {isa = PBXBuildFile; fileRef = E6AAA33A26E39F3E00560FCB /* Poppins-Bold.ttf */; };
		E6AAA34E26E39F3F00560FCB /* Poppins-ExtraLight.ttf in Resources */ = {isa = PBXBuildFile; fileRef = E6AAA33B26E39F3E00560FCB /* Poppins-ExtraLight.ttf */; };
		E6AAA34F26E39F3F00560FCB /* Poppins-SemiBoldItalic.ttf in Resources */ = {isa = PBXBuildFile; fileRef = E6AAA33C26E39F3E00560FCB /* Poppins-SemiBoldItalic.ttf */; };
		E6AAA35026E39F3F00560FCB /* OFL.txt in Resources */ = {isa = PBXBuildFile; fileRef = E6AAA33D26E39F3E00560FCB /* OFL.txt */; };
		E6AAA35126E39F3F00560FCB /* Poppins-BoldItalic.ttf in Resources */ = {isa = PBXBuildFile; fileRef = E6AAA33E26E39F3E00560FCB /* Poppins-BoldItalic.ttf */; };
		E6AAA35226E39F3F00560FCB /* Poppins-Regular.ttf in Resources */ = {isa = PBXBuildFile; fileRef = E6AAA33F26E39F3E00560FCB /* Poppins-Regular.ttf */; };
		E6AAA35326E39F3F00560FCB /* Poppins-ThinItalic.ttf in Resources */ = {isa = PBXBuildFile; fileRef = E6AAA34026E39F3F00560FCB /* Poppins-ThinItalic.ttf */; };
		E6AAA35426E39F3F00560FCB /* Poppins-Medium.ttf in Resources */ = {isa = PBXBuildFile; fileRef = E6AAA34126E39F3F00560FCB /* Poppins-Medium.ttf */; };
		E6AAA35526E39F3F00560FCB /* Poppins-Thin.ttf in Resources */ = {isa = PBXBuildFile; fileRef = E6AAA34226E39F3F00560FCB /* Poppins-Thin.ttf */; };
		E6AAA35626E39F3F00560FCB /* Poppins-BlackItalic.ttf in Resources */ = {isa = PBXBuildFile; fileRef = E6AAA34326E39F3F00560FCB /* Poppins-BlackItalic.ttf */; };
		E6AAA35726E39F3F00560FCB /* Poppins-Italic.ttf in Resources */ = {isa = PBXBuildFile; fileRef = E6AAA34426E39F3F00560FCB /* Poppins-Italic.ttf */; };
/* End PBXBuildFile section */

/* Begin PBXContainerItemProxy section */
		E67F565726E1E7F600079D3F /* PBXContainerItemProxy */ = {
			isa = PBXContainerItemProxy;
			containerPortal = E67F563826E1E7F300079D3F /* Project object */;
			proxyType = 1;
			remoteGlobalIDString = E67F563F26E1E7F300079D3F;
			remoteInfo = ExceriseDemo;
		};
		E67F566226E1E7F600079D3F /* PBXContainerItemProxy */ = {
			isa = PBXContainerItemProxy;
			containerPortal = E67F563826E1E7F300079D3F /* Project object */;
			proxyType = 1;
			remoteGlobalIDString = E67F563F26E1E7F300079D3F;
			remoteInfo = ExceriseDemo;
		};
/* End PBXContainerItemProxy section */

/* Begin PBXFileReference section */
		4283663924838218D4FB1D8D /* Pods-ExceriseDemo.release.xcconfig */ = {isa = PBXFileReference; includeInIndex = 1; lastKnownFileType = text.xcconfig; name = "Pods-ExceriseDemo.release.xcconfig"; path = "Target Support Files/Pods-ExceriseDemo/Pods-ExceriseDemo.release.xcconfig"; sourceTree = "<group>"; };
		448D4558143229367C6256A8 /* Pods_ExceriseDemo.framework */ = {isa = PBXFileReference; explicitFileType = wrapper.framework; includeInIndex = 0; path = Pods_ExceriseDemo.framework; sourceTree = BUILT_PRODUCTS_DIR; };
		9B1EC95DBA18AA0C2110C196 /* Pods-ExceriseDemo.debug.xcconfig */ = {isa = PBXFileReference; includeInIndex = 1; lastKnownFileType = text.xcconfig; name = "Pods-ExceriseDemo.debug.xcconfig"; path = "Target Support Files/Pods-ExceriseDemo/Pods-ExceriseDemo.debug.xcconfig"; sourceTree = "<group>"; };
		E64C3C3E26E21C3F0074DFFE /* ExerciseVC.swift */ = {isa = PBXFileReference; lastKnownFileType = sourcecode.swift; path = ExerciseVC.swift; sourceTree = "<group>"; };
		E64C3C4026E222960074DFFE /* Main.storyboard */ = {isa = PBXFileReference; fileEncoding = 4; lastKnownFileType = file.storyboard; path = Main.storyboard; sourceTree = "<group>"; };
		E64D9B6326E5E1B600148658 /* CameraPreview.swift */ = {isa = PBXFileReference; fileEncoding = 4; lastKnownFileType = sourcecode.swift; path = CameraPreview.swift; sourceTree = "<group>"; };
		E67F564026E1E7F300079D3F /* ExceriseDemo.app */ = {isa = PBXFileReference; explicitFileType = wrapper.application; includeInIndex = 0; path = ExceriseDemo.app; sourceTree = BUILT_PRODUCTS_DIR; };
		E67F564326E1E7F300079D3F /* AppDelegate.swift */ = {isa = PBXFileReference; lastKnownFileType = sourcecode.swift; path = AppDelegate.swift; sourceTree = "<group>"; };
		E67F564C26E1E7F500079D3F /* Assets.xcassets */ = {isa = PBXFileReference; lastKnownFileType = folder.assetcatalog; path = Assets.xcassets; sourceTree = "<group>"; };
		E67F564F26E1E7F500079D3F /* Base */ = {isa = PBXFileReference; lastKnownFileType = file.storyboard; name = Base; path = Base.lproj/LaunchScreen.storyboard; sourceTree = "<group>"; };
		E67F565126E1E7F500079D3F /* Info.plist */ = {isa = PBXFileReference; lastKnownFileType = text.plist.xml; path = Info.plist; sourceTree = "<group>"; };
		E67F565626E1E7F600079D3F /* ExceriseDemoTests.xctest */ = {isa = PBXFileReference; explicitFileType = wrapper.cfbundle; includeInIndex = 0; path = ExceriseDemoTests.xctest; sourceTree = BUILT_PRODUCTS_DIR; };
		E67F565A26E1E7F600079D3F /* ExceriseDemoTests.swift */ = {isa = PBXFileReference; lastKnownFileType = sourcecode.swift; path = ExceriseDemoTests.swift; sourceTree = "<group>"; };
		E67F565C26E1E7F600079D3F /* Info.plist */ = {isa = PBXFileReference; lastKnownFileType = text.plist.xml; path = Info.plist; sourceTree = "<group>"; };
		E67F566126E1E7F600079D3F /* ExceriseDemoUITests.xctest */ = {isa = PBXFileReference; explicitFileType = wrapper.cfbundle; includeInIndex = 0; path = ExceriseDemoUITests.xctest; sourceTree = BUILT_PRODUCTS_DIR; };
		E67F566526E1E7F600079D3F /* ExceriseDemoUITests.swift */ = {isa = PBXFileReference; lastKnownFileType = sourcecode.swift; path = ExceriseDemoUITests.swift; sourceTree = "<group>"; };
		E67F566726E1E7F600079D3F /* Info.plist */ = {isa = PBXFileReference; lastKnownFileType = text.plist.xml; path = Info.plist; sourceTree = "<group>"; };
		E67F567826E1EADD00079D3F /* ApiCall.swift */ = {isa = PBXFileReference; fileEncoding = 4; lastKnownFileType = sourcecode.swift; path = ApiCall.swift; sourceTree = "<group>"; };
		E67F567926E1EADD00079D3F /* MultiPart.swift */ = {isa = PBXFileReference; fileEncoding = 4; lastKnownFileType = sourcecode.swift; path = MultiPart.swift; sourceTree = "<group>"; };
		E67F567B26E1EADD00079D3F /* JsonSerializerSwift.h */ = {isa = PBXFileReference; fileEncoding = 4; lastKnownFileType = sourcecode.c.h; path = JsonSerializerSwift.h; sourceTree = "<group>"; };
		E67F567C26E1EADD00079D3F /* JsonSerializer.swift */ = {isa = PBXFileReference; fileEncoding = 4; lastKnownFileType = sourcecode.swift; path = JsonSerializer.swift; sourceTree = "<group>"; };
		E67F567E26E1EADD00079D3F /* UIButtonExtension.swift */ = {isa = PBXFileReference; fileEncoding = 4; lastKnownFileType = sourcecode.swift; path = UIButtonExtension.swift; sourceTree = "<group>"; };
		E67F567F26E1EADD00079D3F /* ArrayExtensions.swift */ = {isa = PBXFileReference; fileEncoding = 4; lastKnownFileType = sourcecode.swift; path = ArrayExtensions.swift; sourceTree = "<group>"; };
		E67F568026E1EADD00079D3F /* UITextViewExtension.swift */ = {isa = PBXFileReference; fileEncoding = 4; lastKnownFileType = sourcecode.swift; path = UITextViewExtension.swift; sourceTree = "<group>"; };
		E67F568126E1EADD00079D3F /* FloatExtensions.swift */ = {isa = PBXFileReference; fileEncoding = 4; lastKnownFileType = sourcecode.swift; path = FloatExtensions.swift; sourceTree = "<group>"; };
		E67F568226E1EADD00079D3F /* ImageVideoPickerExtension.swift */ = {isa = PBXFileReference; fileEncoding = 4; lastKnownFileType = sourcecode.swift; path = ImageVideoPickerExtension.swift; sourceTree = "<group>"; };
		E67F568326E1EADD00079D3F /* FontChangesExtension.swift */ = {isa = PBXFileReference; fileEncoding = 4; lastKnownFileType = sourcecode.swift; path = FontChangesExtension.swift; sourceTree = "<group>"; };
		E67F568426E1EADD00079D3F /* ColorChange.swift */ = {isa = PBXFileReference; fileEncoding = 4; lastKnownFileType = sourcecode.swift; path = ColorChange.swift; sourceTree = "<group>"; };
		E67F568526E1EADD00079D3F /* UITextFieldExtension.swift */ = {isa = PBXFileReference; fileEncoding = 4; lastKnownFileType = sourcecode.swift; path = UITextFieldExtension.swift; sourceTree = "<group>"; };
		E67F568626E1EADD00079D3F /* DictionaryExtensions.swift */ = {isa = PBXFileReference; fileEncoding = 4; lastKnownFileType = sourcecode.swift; path = DictionaryExtensions.swift; sourceTree = "<group>"; };
		E67F568726E1EADD00079D3F /* StringExtensions.swift */ = {isa = PBXFileReference; fileEncoding = 4; lastKnownFileType = sourcecode.swift; path = StringExtensions.swift; sourceTree = "<group>"; };
		E67F568826E1EADD00079D3F /* URLExtension.swift */ = {isa = PBXFileReference; fileEncoding = 4; lastKnownFileType = sourcecode.swift; path = URLExtension.swift; sourceTree = "<group>"; };
		E67F568926E1EADD00079D3F /* Extension.swift */ = {isa = PBXFileReference; fileEncoding = 4; lastKnownFileType = sourcecode.swift; path = Extension.swift; sourceTree = "<group>"; };
		E67F568A26E1EADD00079D3F /* DoubleExtensions.swift */ = {isa = PBXFileReference; fileEncoding = 4; lastKnownFileType = sourcecode.swift; path = DoubleExtensions.swift; sourceTree = "<group>"; };
		E67F568B26E1EADD00079D3F /* ViewExtension.swift */ = {isa = PBXFileReference; fileEncoding = 4; lastKnownFileType = sourcecode.swift; path = ViewExtension.swift; sourceTree = "<group>"; };
		E67F568C26E1EADD00079D3F /* MonthYearPickerView.swift */ = {isa = PBXFileReference; fileEncoding = 4; lastKnownFileType = sourcecode.swift; path = MonthYearPickerView.swift; sourceTree = "<group>"; };
		E67F568D26E1EADD00079D3F /* IntExtensions.swift */ = {isa = PBXFileReference; fileEncoding = 4; lastKnownFileType = sourcecode.swift; path = IntExtensions.swift; sourceTree = "<group>"; };
		E67F568E26E1EADD00079D3F /* DateExtensions.swift */ = {isa = PBXFileReference; fileEncoding = 4; lastKnownFileType = sourcecode.swift; path = DateExtensions.swift; sourceTree = "<group>"; };
		E67F568F26E1EADD00079D3F /* OptionalExtensions.swift */ = {isa = PBXFileReference; fileEncoding = 4; lastKnownFileType = sourcecode.swift; path = OptionalExtensions.swift; sourceTree = "<group>"; };
		E67F569026E1EADD00079D3F /* UIImageExtension.swift */ = {isa = PBXFileReference; fileEncoding = 4; lastKnownFileType = sourcecode.swift; path = UIImageExtension.swift; sourceTree = "<group>"; };
		E67F569226E1EADD00079D3F /* GeoFencingManager.swift */ = {isa = PBXFileReference; fileEncoding = 4; lastKnownFileType = sourcecode.swift; path = GeoFencingManager.swift; sourceTree = "<group>"; };
		E67F569426E1EADD00079D3F /* Constants.swift */ = {isa = PBXFileReference; fileEncoding = 4; lastKnownFileType = sourcecode.swift; path = Constants.swift; sourceTree = "<group>"; };
		E67F569626E1EADD00079D3F /* UISideMenuNavigationController.swift */ = {isa = PBXFileReference; fileEncoding = 4; lastKnownFileType = sourcecode.swift; path = UISideMenuNavigationController.swift; sourceTree = "<group>"; };
		E67F569726E1EADD00079D3F /* SideMenuManager.swift */ = {isa = PBXFileReference; fileEncoding = 4; lastKnownFileType = sourcecode.swift; path = SideMenuManager.swift; sourceTree = "<group>"; };
		E67F569826E1EADD00079D3F /* SideMenuTransition.swift */ = {isa = PBXFileReference; fileEncoding = 4; lastKnownFileType = sourcecode.swift; path = SideMenuTransition.swift; sourceTree = "<group>"; };
		E67F569926E1EADD00079D3F /* UITableViewVibrantCell.swift */ = {isa = PBXFileReference; fileEncoding = 4; lastKnownFileType = sourcecode.swift; path = UITableViewVibrantCell.swift; sourceTree = "<group>"; };
		E67F569B26E1EADD00079D3F /* ConnectionCheck.swift */ = {isa = PBXFileReference; fileEncoding = 4; lastKnownFileType = sourcecode.swift; path = ConnectionCheck.swift; sourceTree = "<group>"; };
		E67F56B326E1EADD00079D3F /* NotificationDelegate.swift */ = {isa = PBXFileReference; fileEncoding = 4; lastKnownFileType = sourcecode.swift; path = NotificationDelegate.swift; sourceTree = "<group>"; };
		E67F56B426E1EADD00079D3F /* Utility.swift */ = {isa = PBXFileReference; fileEncoding = 4; lastKnownFileType = sourcecode.swift; path = Utility.swift; sourceTree = "<group>"; };
		E67F56B626E1EADD00079D3F /* Color.xcassets */ = {isa = PBXFileReference; lastKnownFileType = folder.assetcatalog; path = Color.xcassets; sourceTree = "<group>"; };
		E67F56EA26E1F43600079D3F /* ExceriseDemo-Bridging-Header.h */ = {isa = PBXFileReference; lastKnownFileType = sourcecode.c.h; path = "ExceriseDemo-Bridging-Header.h"; sourceTree = "<group>"; };
		E67F56ED26E1F4B800079D3F /* GetReadyVC.swift */ = {isa = PBXFileReference; lastKnownFileType = sourcecode.swift; path = GetReadyVC.swift; sourceTree = "<group>"; };
		E685C4F426E2484000CE5438 /* BreakTimeVC.swift */ = {isa = PBXFileReference; lastKnownFileType = sourcecode.swift; path = BreakTimeVC.swift; sourceTree = "<group>"; };
		E6AAA33226E39F3E00560FCB /* Poppins-ExtraLightItalic.ttf */ = {isa = PBXFileReference; lastKnownFileType = file; path = "Poppins-ExtraLightItalic.ttf"; sourceTree = "<group>"; };
		E6AAA33326E39F3E00560FCB /* Poppins-Black.ttf */ = {isa = PBXFileReference; lastKnownFileType = file; path = "Poppins-Black.ttf"; sourceTree = "<group>"; };
		E6AAA33426E39F3E00560FCB /* Poppins-SemiBold.ttf */ = {isa = PBXFileReference; lastKnownFileType = file; path = "Poppins-SemiBold.ttf"; sourceTree = "<group>"; };
		E6AAA33526E39F3E00560FCB /* Poppins-ExtraBold.ttf */ = {isa = PBXFileReference; lastKnownFileType = file; path = "Poppins-ExtraBold.ttf"; sourceTree = "<group>"; };
		E6AAA33626E39F3E00560FCB /* Poppins-MediumItalic.ttf */ = {isa = PBXFileReference; lastKnownFileType = file; path = "Poppins-MediumItalic.ttf"; sourceTree = "<group>"; };
		E6AAA33726E39F3E00560FCB /* Poppins-ExtraBoldItalic.ttf */ = {isa = PBXFileReference; lastKnownFileType = file; path = "Poppins-ExtraBoldItalic.ttf"; sourceTree = "<group>"; };
		E6AAA33826E39F3E00560FCB /* Poppins-Light.ttf */ = {isa = PBXFileReference; lastKnownFileType = file; path = "Poppins-Light.ttf"; sourceTree = "<group>"; };
		E6AAA33926E39F3E00560FCB /* Poppins-LightItalic.ttf */ = {isa = PBXFileReference; lastKnownFileType = file; path = "Poppins-LightItalic.ttf"; sourceTree = "<group>"; };
		E6AAA33A26E39F3E00560FCB /* Poppins-Bold.ttf */ = {isa = PBXFileReference; lastKnownFileType = file; path = "Poppins-Bold.ttf"; sourceTree = "<group>"; };
		E6AAA33B26E39F3E00560FCB /* Poppins-ExtraLight.ttf */ = {isa = PBXFileReference; lastKnownFileType = file; path = "Poppins-ExtraLight.ttf"; sourceTree = "<group>"; };
		E6AAA33C26E39F3E00560FCB /* Poppins-SemiBoldItalic.ttf */ = {isa = PBXFileReference; lastKnownFileType = file; path = "Poppins-SemiBoldItalic.ttf"; sourceTree = "<group>"; };
		E6AAA33D26E39F3E00560FCB /* OFL.txt */ = {isa = PBXFileReference; fileEncoding = 4; lastKnownFileType = text; path = OFL.txt; sourceTree = "<group>"; };
		E6AAA33E26E39F3E00560FCB /* Poppins-BoldItalic.ttf */ = {isa = PBXFileReference; lastKnownFileType = file; path = "Poppins-BoldItalic.ttf"; sourceTree = "<group>"; };
		E6AAA33F26E39F3E00560FCB /* Poppins-Regular.ttf */ = {isa = PBXFileReference; lastKnownFileType = file; path = "Poppins-Regular.ttf"; sourceTree = "<group>"; };
		E6AAA34026E39F3F00560FCB /* Poppins-ThinItalic.ttf */ = {isa = PBXFileReference; lastKnownFileType = file; path = "Poppins-ThinItalic.ttf"; sourceTree = "<group>"; };
		E6AAA34126E39F3F00560FCB /* Poppins-Medium.ttf */ = {isa = PBXFileReference; lastKnownFileType = file; path = "Poppins-Medium.ttf"; sourceTree = "<group>"; };
		E6AAA34226E39F3F00560FCB /* Poppins-Thin.ttf */ = {isa = PBXFileReference; lastKnownFileType = file; path = "Poppins-Thin.ttf"; sourceTree = "<group>"; };
		E6AAA34326E39F3F00560FCB /* Poppins-BlackItalic.ttf */ = {isa = PBXFileReference; lastKnownFileType = file; path = "Poppins-BlackItalic.ttf"; sourceTree = "<group>"; };
		E6AAA34426E39F3F00560FCB /* Poppins-Italic.ttf */ = {isa = PBXFileReference; lastKnownFileType = file; path = "Poppins-Italic.ttf"; sourceTree = "<group>"; };
/* End PBXFileReference section */

/* Begin PBXFrameworksBuildPhase section */
		E67F563D26E1E7F300079D3F /* Frameworks */ = {
			isa = PBXFrameworksBuildPhase;
			buildActionMask = 2147483647;
			files = (
				0757D8F41796445C89EBB877 /* Pods_ExceriseDemo.framework in Frameworks */,
			);
			runOnlyForDeploymentPostprocessing = 0;
		};
		E67F565326E1E7F600079D3F /* Frameworks */ = {
			isa = PBXFrameworksBuildPhase;
			buildActionMask = 2147483647;
			files = (
			);
			runOnlyForDeploymentPostprocessing = 0;
		};
		E67F565E26E1E7F600079D3F /* Frameworks */ = {
			isa = PBXFrameworksBuildPhase;
			buildActionMask = 2147483647;
			files = (
			);
			runOnlyForDeploymentPostprocessing = 0;
		};
/* End PBXFrameworksBuildPhase section */

/* Begin PBXGroup section */
		3C86F8369E3422A6F48DDA8E /* Pods */ = {
			isa = PBXGroup;
			children = (
				9B1EC95DBA18AA0C2110C196 /* Pods-ExceriseDemo.debug.xcconfig */,
				4283663924838218D4FB1D8D /* Pods-ExceriseDemo.release.xcconfig */,
			);
			path = Pods;
			sourceTree = "<group>";
		};
		451B334A427B18E2B1EB0FAC /* Frameworks */ = {
			isa = PBXGroup;
			children = (
				448D4558143229367C6256A8 /* Pods_ExceriseDemo.framework */,
			);
			name = Frameworks;
			sourceTree = "<group>";
		};
		E64C3C3D26E21BF90074DFFE /* Exercise */ = {
			isa = PBXGroup;
			children = (
				E64D9B6326E5E1B600148658 /* CameraPreview.swift */,
				E64C3C3E26E21C3F0074DFFE /* ExerciseVC.swift */,
			);
			path = Exercise;
			sourceTree = "<group>";
		};
		E67F563726E1E7F300079D3F = {
			isa = PBXGroup;
			children = (
				E67F564226E1E7F300079D3F /* ExceriseDemo */,
				E67F565926E1E7F600079D3F /* ExceriseDemoTests */,
				E67F566426E1E7F600079D3F /* ExceriseDemoUITests */,
				451B334A427B18E2B1EB0FAC /* Frameworks */,
				3C86F8369E3422A6F48DDA8E /* Pods */,
				E67F564126E1E7F300079D3F /* Products */,
			);
			sourceTree = "<group>";
		};
		E67F564126E1E7F300079D3F /* Products */ = {
			isa = PBXGroup;
			children = (
				E67F564026E1E7F300079D3F /* ExceriseDemo.app */,
				E67F565626E1E7F600079D3F /* ExceriseDemoTests.xctest */,
				E67F566126E1E7F600079D3F /* ExceriseDemoUITests.xctest */,
			);
			name = Products;
			sourceTree = "<group>";
		};
		E67F564226E1E7F300079D3F /* ExceriseDemo */ = {
			isa = PBXGroup;
			children = (
				E67F567326E1E94F00079D3F /* AppDelegate */,
				E67F56B526E1EADD00079D3F /* Colors */,
				E67F567526E1E96700079D3F /* Design */,
				E67F567626E1EADD00079D3F /* Helper */,
				E67F567426E1E95C00079D3F /* Images */,
				E67F565126E1E7F500079D3F /* Info.plist */,
				E67F56EB26E1F48800079D3F /* Modules */,
			);
			path = ExceriseDemo;
			sourceTree = "<group>";
		};
		E67F565926E1E7F600079D3F /* ExceriseDemoTests */ = {
			isa = PBXGroup;
			children = (
				E67F565A26E1E7F600079D3F /* ExceriseDemoTests.swift */,
				E67F565C26E1E7F600079D3F /* Info.plist */,
			);
			path = ExceriseDemoTests;
			sourceTree = "<group>";
		};
		E67F566426E1E7F600079D3F /* ExceriseDemoUITests */ = {
			isa = PBXGroup;
			children = (
				E67F566526E1E7F600079D3F /* ExceriseDemoUITests.swift */,
				E67F566726E1E7F600079D3F /* Info.plist */,
			);
			path = ExceriseDemoUITests;
			sourceTree = "<group>";
		};
		E67F567326E1E94F00079D3F /* AppDelegate */ = {
			isa = PBXGroup;
			children = (
				E67F564326E1E7F300079D3F /* AppDelegate.swift */,
			);
			path = AppDelegate;
			sourceTree = "<group>";
		};
		E67F567426E1E95C00079D3F /* Images */ = {
			isa = PBXGroup;
			children = (
				E67F564C26E1E7F500079D3F /* Assets.xcassets */,
			);
			path = Images;
			sourceTree = "<group>";
		};
		E67F567526E1E96700079D3F /* Design */ = {
			isa = PBXGroup;
			children = (
				E67F564E26E1E7F500079D3F /* LaunchScreen.storyboard */,
				E64C3C4026E222960074DFFE /* Main.storyboard */,
			);
			path = Design;
			sourceTree = "<group>";
		};
		E67F567626E1EADD00079D3F /* Helper */ = {
			isa = PBXGroup;
			children = (
				E67F567726E1EADD00079D3F /* ApiCall */,
				E67F569326E1EADD00079D3F /* Constants */,
				E67F567D26E1EADD00079D3F /* Extension */,
				E67F569C26E1EADD00079D3F /* Fonts */,
				E67F569126E1EADD00079D3F /* GeoFence Location */,
				E67F56B026E1EADD00079D3F /* HeaderFile */,
				E67F567A26E1EADD00079D3F /* JsonSerializerSwift */,
				E67F569A26E1EADD00079D3F /* Reachability */,
				E67F569526E1EADD00079D3F /* SideMenu */,
				E67F56B226E1EADD00079D3F /* Utility */,
			);
			path = Helper;
			sourceTree = "<group>";
		};
		E67F567726E1EADD00079D3F /* ApiCall */ = {
			isa = PBXGroup;
			children = (
				E67F567826E1EADD00079D3F /* ApiCall.swift */,
				E67F567926E1EADD00079D3F /* MultiPart.swift */,
			);
			path = ApiCall;
			sourceTree = "<group>";
		};
		E67F567A26E1EADD00079D3F /* JsonSerializerSwift */ = {
			isa = PBXGroup;
			children = (
				E67F567C26E1EADD00079D3F /* JsonSerializer.swift */,
				E67F567B26E1EADD00079D3F /* JsonSerializerSwift.h */,
			);
			path = JsonSerializerSwift;
			sourceTree = "<group>";
		};
		E67F567D26E1EADD00079D3F /* Extension */ = {
			isa = PBXGroup;
			children = (
				E67F567F26E1EADD00079D3F /* ArrayExtensions.swift */,
				E67F568426E1EADD00079D3F /* ColorChange.swift */,
				E67F568E26E1EADD00079D3F /* DateExtensions.swift */,
				E67F568626E1EADD00079D3F /* DictionaryExtensions.swift */,
				E67F568A26E1EADD00079D3F /* DoubleExtensions.swift */,
				E67F568926E1EADD00079D3F /* Extension.swift */,
				E67F568126E1EADD00079D3F /* FloatExtensions.swift */,
				E67F568326E1EADD00079D3F /* FontChangesExtension.swift */,
				E67F568226E1EADD00079D3F /* ImageVideoPickerExtension.swift */,
				E67F568D26E1EADD00079D3F /* IntExtensions.swift */,
				E67F568C26E1EADD00079D3F /* MonthYearPickerView.swift */,
				E67F568F26E1EADD00079D3F /* OptionalExtensions.swift */,
				E67F568726E1EADD00079D3F /* StringExtensions.swift */,
				E67F567E26E1EADD00079D3F /* UIButtonExtension.swift */,
				E67F569026E1EADD00079D3F /* UIImageExtension.swift */,
				E67F568526E1EADD00079D3F /* UITextFieldExtension.swift */,
				E67F568026E1EADD00079D3F /* UITextViewExtension.swift */,
				E67F568826E1EADD00079D3F /* URLExtension.swift */,
				E67F568B26E1EADD00079D3F /* ViewExtension.swift */,
			);
			path = Extension;
			sourceTree = "<group>";
		};
		E67F569126E1EADD00079D3F /* GeoFence Location */ = {
			isa = PBXGroup;
			children = (
				E67F569226E1EADD00079D3F /* GeoFencingManager.swift */,
			);
			path = "GeoFence Location";
			sourceTree = "<group>";
		};
		E67F569326E1EADD00079D3F /* Constants */ = {
			isa = PBXGroup;
			children = (
				E67F569426E1EADD00079D3F /* Constants.swift */,
			);
			path = Constants;
			sourceTree = "<group>";
		};
		E67F569526E1EADD00079D3F /* SideMenu */ = {
			isa = PBXGroup;
			children = (
				E67F569626E1EADD00079D3F /* UISideMenuNavigationController.swift */,
				E67F569726E1EADD00079D3F /* SideMenuManager.swift */,
				E67F569826E1EADD00079D3F /* SideMenuTransition.swift */,
				E67F569926E1EADD00079D3F /* UITableViewVibrantCell.swift */,
			);
			path = SideMenu;
			sourceTree = "<group>";
		};
		E67F569A26E1EADD00079D3F /* Reachability */ = {
			isa = PBXGroup;
			children = (
				E67F569B26E1EADD00079D3F /* ConnectionCheck.swift */,
			);
			path = Reachability;
			sourceTree = "<group>";
		};
		E67F569C26E1EADD00079D3F /* Fonts */ = {
			isa = PBXGroup;
			children = (
				E6AAA33D26E39F3E00560FCB /* OFL.txt */,
				E6AAA33326E39F3E00560FCB /* Poppins-Black.ttf */,
				E6AAA34326E39F3F00560FCB /* Poppins-BlackItalic.ttf */,
				E6AAA33A26E39F3E00560FCB /* Poppins-Bold.ttf */,
				E6AAA33E26E39F3E00560FCB /* Poppins-BoldItalic.ttf */,
				E6AAA33526E39F3E00560FCB /* Poppins-ExtraBold.ttf */,
				E6AAA33726E39F3E00560FCB /* Poppins-ExtraBoldItalic.ttf */,
				E6AAA33B26E39F3E00560FCB /* Poppins-ExtraLight.ttf */,
				E6AAA33226E39F3E00560FCB /* Poppins-ExtraLightItalic.ttf */,
				E6AAA34426E39F3F00560FCB /* Poppins-Italic.ttf */,
				E6AAA33826E39F3E00560FCB /* Poppins-Light.ttf */,
				E6AAA33926E39F3E00560FCB /* Poppins-LightItalic.ttf */,
				E6AAA34126E39F3F00560FCB /* Poppins-Medium.ttf */,
				E6AAA33626E39F3E00560FCB /* Poppins-MediumItalic.ttf */,
				E6AAA33F26E39F3E00560FCB /* Poppins-Regular.ttf */,
				E6AAA33426E39F3E00560FCB /* Poppins-SemiBold.ttf */,
				E6AAA33C26E39F3E00560FCB /* Poppins-SemiBoldItalic.ttf */,
				E6AAA34226E39F3F00560FCB /* Poppins-Thin.ttf */,
				E6AAA34026E39F3F00560FCB /* Poppins-ThinItalic.ttf */,
			);
			path = Fonts;
			sourceTree = "<group>";
		};
		E67F56B026E1EADD00079D3F /* HeaderFile */ = {
			isa = PBXGroup;
			children = (
				E67F56EA26E1F43600079D3F /* ExceriseDemo-Bridging-Header.h */,
			);
			path = HeaderFile;
			sourceTree = "<group>";
		};
		E67F56B226E1EADD00079D3F /* Utility */ = {
			isa = PBXGroup;
			children = (
				E67F56B326E1EADD00079D3F /* NotificationDelegate.swift */,
				E67F56B426E1EADD00079D3F /* Utility.swift */,
			);
			path = Utility;
			sourceTree = "<group>";
		};
		E67F56B526E1EADD00079D3F /* Colors */ = {
			isa = PBXGroup;
			children = (
				E67F56B626E1EADD00079D3F /* Color.xcassets */,
			);
			path = Colors;
			sourceTree = "<group>";
		};
		E67F56EB26E1F48800079D3F /* Modules */ = {
			isa = PBXGroup;
			children = (
				E685C4F326E247A400CE5438 /* Break Time */,
				E64C3C3D26E21BF90074DFFE /* Exercise */,
				E67F56EC26E1F49100079D3F /* Get Ready */,
			);
			path = Modules;
			sourceTree = "<group>";
		};
		E67F56EC26E1F49100079D3F /* Get Ready */ = {
			isa = PBXGroup;
			children = (
				E67F56ED26E1F4B800079D3F /* GetReadyVC.swift */,
			);
			path = "Get Ready";
			sourceTree = "<group>";
		};
		E685C4F326E247A400CE5438 /* Break Time */ = {
			isa = PBXGroup;
			children = (
				E685C4F426E2484000CE5438 /* BreakTimeVC.swift */,
			);
			path = "Break Time";
			sourceTree = "<group>";
		};
/* End PBXGroup section */

/* Begin PBXNativeTarget section */
		E67F563F26E1E7F300079D3F /* ExceriseDemo */ = {
			isa = PBXNativeTarget;
			buildConfigurationList = E67F566A26E1E7F600079D3F /* Build configuration list for PBXNativeTarget "ExceriseDemo" */;
			buildPhases = (
				DCC1A743F022C09B3C54B9EC /* [CP] Check Pods Manifest.lock */,
				E67F563C26E1E7F300079D3F /* Sources */,
				E67F563D26E1E7F300079D3F /* Frameworks */,
				E67F563E26E1E7F300079D3F /* Resources */,
				09BCECC731D0F1F970E795B3 /* [CP] Embed Pods Frameworks */,
			);
			buildRules = (
			);
			dependencies = (
			);
			name = ExceriseDemo;
			productName = ExceriseDemo;
			productReference = E67F564026E1E7F300079D3F /* ExceriseDemo.app */;
			productType = "com.apple.product-type.application";
		};
		E67F565526E1E7F600079D3F /* ExceriseDemoTests */ = {
			isa = PBXNativeTarget;
			buildConfigurationList = E67F566D26E1E7F600079D3F /* Build configuration list for PBXNativeTarget "ExceriseDemoTests" */;
			buildPhases = (
				E67F565226E1E7F600079D3F /* Sources */,
				E67F565326E1E7F600079D3F /* Frameworks */,
				E67F565426E1E7F600079D3F /* Resources */,
			);
			buildRules = (
			);
			dependencies = (
				E67F565826E1E7F600079D3F /* PBXTargetDependency */,
			);
			name = ExceriseDemoTests;
			productName = ExceriseDemoTests;
			productReference = E67F565626E1E7F600079D3F /* ExceriseDemoTests.xctest */;
			productType = "com.apple.product-type.bundle.unit-test";
		};
		E67F566026E1E7F600079D3F /* ExceriseDemoUITests */ = {
			isa = PBXNativeTarget;
			buildConfigurationList = E67F567026E1E7F600079D3F /* Build configuration list for PBXNativeTarget "ExceriseDemoUITests" */;
			buildPhases = (
				E67F565D26E1E7F600079D3F /* Sources */,
				E67F565E26E1E7F600079D3F /* Frameworks */,
				E67F565F26E1E7F600079D3F /* Resources */,
			);
			buildRules = (
			);
			dependencies = (
				E67F566326E1E7F600079D3F /* PBXTargetDependency */,
			);
			name = ExceriseDemoUITests;
			productName = ExceriseDemoUITests;
			productReference = E67F566126E1E7F600079D3F /* ExceriseDemoUITests.xctest */;
			productType = "com.apple.product-type.bundle.ui-testing";
		};
/* End PBXNativeTarget section */

/* Begin PBXProject section */
		E67F563826E1E7F300079D3F /* Project object */ = {
			isa = PBXProject;
			attributes = {
				LastSwiftUpdateCheck = 1250;
				LastUpgradeCheck = 1250;
				TargetAttributes = {
					E67F563F26E1E7F300079D3F = {
						CreatedOnToolsVersion = 12.5.1;
					};
					E67F565526E1E7F600079D3F = {
						CreatedOnToolsVersion = 12.5.1;
						TestTargetID = E67F563F26E1E7F300079D3F;
					};
					E67F566026E1E7F600079D3F = {
						CreatedOnToolsVersion = 12.5.1;
						TestTargetID = E67F563F26E1E7F300079D3F;
					};
				};
			};
			buildConfigurationList = E67F563B26E1E7F300079D3F /* Build configuration list for PBXProject "ExceriseDemo" */;
			compatibilityVersion = "Xcode 9.3";
			developmentRegion = en;
			hasScannedForEncodings = 0;
			knownRegions = (
				en,
				Base,
			);
			mainGroup = E67F563726E1E7F300079D3F;
			productRefGroup = E67F564126E1E7F300079D3F /* Products */;
			projectDirPath = "";
			projectRoot = "";
			targets = (
				E67F563F26E1E7F300079D3F /* ExceriseDemo */,
				E67F565526E1E7F600079D3F /* ExceriseDemoTests */,
				E67F566026E1E7F600079D3F /* ExceriseDemoUITests */,
			);
		};
/* End PBXProject section */

/* Begin PBXResourcesBuildPhase section */
		E67F563E26E1E7F300079D3F /* Resources */ = {
			isa = PBXResourcesBuildPhase;
			buildActionMask = 2147483647;
			files = (
				E6AAA34626E39F3F00560FCB /* Poppins-Black.ttf in Resources */,
				E6AAA34726E39F3F00560FCB /* Poppins-SemiBold.ttf in Resources */,
				E64C3C4126E222960074DFFE /* Main.storyboard in Resources */,
				E6AAA35226E39F3F00560FCB /* Poppins-Regular.ttf in Resources */,
				E67F565026E1E7F500079D3F /* LaunchScreen.storyboard in Resources */,
				E6AAA35726E39F3F00560FCB /* Poppins-Italic.ttf in Resources */,
				E6AAA34A26E39F3F00560FCB /* Poppins-ExtraBoldItalic.ttf in Resources */,
				E6AAA34F26E39F3F00560FCB /* Poppins-SemiBoldItalic.ttf in Resources */,
				E6AAA35026E39F3F00560FCB /* OFL.txt in Resources */,
				E6AAA34826E39F3F00560FCB /* Poppins-ExtraBold.ttf in Resources */,
				E6AAA35426E39F3F00560FCB /* Poppins-Medium.ttf in Resources */,
				E6AAA35626E39F3F00560FCB /* Poppins-BlackItalic.ttf in Resources */,
				E6AAA34E26E39F3F00560FCB /* Poppins-ExtraLight.ttf in Resources */,
				E6AAA35126E39F3F00560FCB /* Poppins-BoldItalic.ttf in Resources */,
				E6AAA34526E39F3F00560FCB /* Poppins-ExtraLightItalic.ttf in Resources */,
				E6AAA34C26E39F3F00560FCB /* Poppins-LightItalic.ttf in Resources */,
				E6AAA34D26E39F3F00560FCB /* Poppins-Bold.ttf in Resources */,
				E6AAA35526E39F3F00560FCB /* Poppins-Thin.ttf in Resources */,
				E67F564D26E1E7F500079D3F /* Assets.xcassets in Resources */,
				E6AAA34926E39F3F00560FCB /* Poppins-MediumItalic.ttf in Resources */,
				E6AAA34B26E39F3F00560FCB /* Poppins-Light.ttf in Resources */,
				E6AAA35326E39F3F00560FCB /* Poppins-ThinItalic.ttf in Resources */,
				E67F56E926E1EADD00079D3F /* Color.xcassets in Resources */,
			);
			runOnlyForDeploymentPostprocessing = 0;
		};
		E67F565426E1E7F600079D3F /* Resources */ = {
			isa = PBXResourcesBuildPhase;
			buildActionMask = 2147483647;
			files = (
			);
			runOnlyForDeploymentPostprocessing = 0;
		};
		E67F565F26E1E7F600079D3F /* Resources */ = {
			isa = PBXResourcesBuildPhase;
			buildActionMask = 2147483647;
			files = (
			);
			runOnlyForDeploymentPostprocessing = 0;
		};
/* End PBXResourcesBuildPhase section */

/* Begin PBXShellScriptBuildPhase section */
		09BCECC731D0F1F970E795B3 /* [CP] Embed Pods Frameworks */ = {
			isa = PBXShellScriptBuildPhase;
			buildActionMask = 2147483647;
			files = (
			);
			inputFileListPaths = (
				"${PODS_ROOT}/Target Support Files/Pods-ExceriseDemo/Pods-ExceriseDemo-frameworks-${CONFIGURATION}-input-files.xcfilelist",
			);
			name = "[CP] Embed Pods Frameworks";
			outputFileListPaths = (
				"${PODS_ROOT}/Target Support Files/Pods-ExceriseDemo/Pods-ExceriseDemo-frameworks-${CONFIGURATION}-output-files.xcfilelist",
			);
			runOnlyForDeploymentPostprocessing = 0;
			shellPath = /bin/sh;
			shellScript = "\"${PODS_ROOT}/Target Support Files/Pods-ExceriseDemo/Pods-ExceriseDemo-frameworks.sh\"\n";
			showEnvVarsInLog = 0;
		};
		DCC1A743F022C09B3C54B9EC /* [CP] Check Pods Manifest.lock */ = {
			isa = PBXShellScriptBuildPhase;
			buildActionMask = 2147483647;
			files = (
			);
			inputFileListPaths = (
			);
			inputPaths = (
				"${PODS_PODFILE_DIR_PATH}/Podfile.lock",
				"${PODS_ROOT}/Manifest.lock",
			);
			name = "[CP] Check Pods Manifest.lock";
			outputFileListPaths = (
			);
			outputPaths = (
				"$(DERIVED_FILE_DIR)/Pods-ExceriseDemo-checkManifestLockResult.txt",
			);
			runOnlyForDeploymentPostprocessing = 0;
			shellPath = /bin/sh;
			shellScript = "diff \"${PODS_PODFILE_DIR_PATH}/Podfile.lock\" \"${PODS_ROOT}/Manifest.lock\" > /dev/null\nif [ $? != 0 ] ; then\n    # print error to STDERR\n    echo \"error: The sandbox is not in sync with the Podfile.lock. Run 'pod install' or update your CocoaPods installation.\" >&2\n    exit 1\nfi\n# This output is used by Xcode 'outputs' to avoid re-running this script phase.\necho \"SUCCESS\" > \"${SCRIPT_OUTPUT_FILE_0}\"\n";
			showEnvVarsInLog = 0;
		};
/* End PBXShellScriptBuildPhase section */

/* Begin PBXSourcesBuildPhase section */
		E67F563C26E1E7F300079D3F /* Sources */ = {
			isa = PBXSourcesBuildPhase;
			buildActionMask = 2147483647;
			files = (
				E67F56D226E1EADD00079D3F /* UITableViewVibrantCell.swift in Sources */,
				E67F56D126E1EADD00079D3F /* SideMenuTransition.swift in Sources */,
				E67F56CE26E1EADD00079D3F /* Constants.swift in Sources */,
				E67F56C726E1EADD00079D3F /* ViewExtension.swift in Sources */,
				E67F56BC26E1EADD00079D3F /* UITextViewExtension.swift in Sources */,
				E67F56CD26E1EADD00079D3F /* GeoFencingManager.swift in Sources */,
				E67F56CC26E1EADD00079D3F /* UIImageExtension.swift in Sources */,
				E67F56C126E1EADD00079D3F /* UITextFieldExtension.swift in Sources */,
				E67F56CB26E1EADD00079D3F /* OptionalExtensions.swift in Sources */,
				E67F56C226E1EADD00079D3F /* DictionaryExtensions.swift in Sources */,
				E67F56B826E1EADD00079D3F /* MultiPart.swift in Sources */,
				E67F56EE26E1F4B800079D3F /* GetReadyVC.swift in Sources */,
				E67F56E726E1EADD00079D3F /* NotificationDelegate.swift in Sources */,
				E67F56CF26E1EADD00079D3F /* UISideMenuNavigationController.swift in Sources */,
				E67F56C926E1EADD00079D3F /* IntExtensions.swift in Sources */,
				E67F56BB26E1EADD00079D3F /* ArrayExtensions.swift in Sources */,
				E67F56C426E1EADD00079D3F /* URLExtension.swift in Sources */,
				E67F56BA26E1EADD00079D3F /* UIButtonExtension.swift in Sources */,
				E67F56C526E1EADD00079D3F /* Extension.swift in Sources */,
				E67F56C026E1EADD00079D3F /* ColorChange.swift in Sources */,
				E67F56D026E1EADD00079D3F /* SideMenuManager.swift in Sources */,
				E64D9B6426E5E1B700148658 /* CameraPreview.swift in Sources */,
				E67F56BE26E1EADD00079D3F /* ImageVideoPickerExtension.swift in Sources */,
				E64C3C3F26E21C3F0074DFFE /* ExerciseVC.swift in Sources */,
				E67F56B726E1EADD00079D3F /* ApiCall.swift in Sources */,
				E685C4F526E2484000CE5438 /* BreakTimeVC.swift in Sources */,
				E67F56BF26E1EADD00079D3F /* FontChangesExtension.swift in Sources */,
				E67F56CA26E1EADD00079D3F /* DateExtensions.swift in Sources */,
				E67F56C626E1EADD00079D3F /* DoubleExtensions.swift in Sources */,
				E67F56D326E1EADD00079D3F /* ConnectionCheck.swift in Sources */,
				E67F56C326E1EADD00079D3F /* StringExtensions.swift in Sources */,
				E67F564426E1E7F300079D3F /* AppDelegate.swift in Sources */,
				E67F56E826E1EADD00079D3F /* Utility.swift in Sources */,
				E67F56BD26E1EADD00079D3F /* FloatExtensions.swift in Sources */,
				E67F56C826E1EADD00079D3F /* MonthYearPickerView.swift in Sources */,
				E67F56B926E1EADD00079D3F /* JsonSerializer.swift in Sources */,
			);
			runOnlyForDeploymentPostprocessing = 0;
		};
		E67F565226E1E7F600079D3F /* Sources */ = {
			isa = PBXSourcesBuildPhase;
			buildActionMask = 2147483647;
			files = (
				E67F565B26E1E7F600079D3F /* ExceriseDemoTests.swift in Sources */,
			);
			runOnlyForDeploymentPostprocessing = 0;
		};
		E67F565D26E1E7F600079D3F /* Sources */ = {
			isa = PBXSourcesBuildPhase;
			buildActionMask = 2147483647;
			files = (
				E67F566626E1E7F600079D3F /* ExceriseDemoUITests.swift in Sources */,
			);
			runOnlyForDeploymentPostprocessing = 0;
		};
/* End PBXSourcesBuildPhase section */

/* Begin PBXTargetDependency section */
		E67F565826E1E7F600079D3F /* PBXTargetDependency */ = {
			isa = PBXTargetDependency;
			target = E67F563F26E1E7F300079D3F /* ExceriseDemo */;
			targetProxy = E67F565726E1E7F600079D3F /* PBXContainerItemProxy */;
		};
		E67F566326E1E7F600079D3F /* PBXTargetDependency */ = {
			isa = PBXTargetDependency;
			target = E67F563F26E1E7F300079D3F /* ExceriseDemo */;
			targetProxy = E67F566226E1E7F600079D3F /* PBXContainerItemProxy */;
		};
/* End PBXTargetDependency section */

/* Begin PBXVariantGroup section */
		E67F564E26E1E7F500079D3F /* LaunchScreen.storyboard */ = {
			isa = PBXVariantGroup;
			children = (
				E67F564F26E1E7F500079D3F /* Base */,
			);
			name = LaunchScreen.storyboard;
			sourceTree = "<group>";
		};
/* End PBXVariantGroup section */

/* Begin XCBuildConfiguration section */
		E67F566826E1E7F600079D3F /* Debug */ = {
			isa = XCBuildConfiguration;
			buildSettings = {
				ALWAYS_SEARCH_USER_PATHS = NO;
				CLANG_ANALYZER_NONNULL = YES;
				CLANG_ANALYZER_NUMBER_OBJECT_CONVERSION = YES_AGGRESSIVE;
				CLANG_CXX_LANGUAGE_STANDARD = "gnu++14";
				CLANG_CXX_LIBRARY = "libc++";
				CLANG_ENABLE_MODULES = YES;
				CLANG_ENABLE_OBJC_ARC = YES;
				CLANG_ENABLE_OBJC_WEAK = YES;
				CLANG_WARN_BLOCK_CAPTURE_AUTORELEASING = YES;
				CLANG_WARN_BOOL_CONVERSION = YES;
				CLANG_WARN_COMMA = YES;
				CLANG_WARN_CONSTANT_CONVERSION = YES;
				CLANG_WARN_DEPRECATED_OBJC_IMPLEMENTATIONS = YES;
				CLANG_WARN_DIRECT_OBJC_ISA_USAGE = YES_ERROR;
				CLANG_WARN_DOCUMENTATION_COMMENTS = YES;
				CLANG_WARN_EMPTY_BODY = YES;
				CLANG_WARN_ENUM_CONVERSION = YES;
				CLANG_WARN_INFINITE_RECURSION = YES;
				CLANG_WARN_INT_CONVERSION = YES;
				CLANG_WARN_NON_LITERAL_NULL_CONVERSION = YES;
				CLANG_WARN_OBJC_IMPLICIT_RETAIN_SELF = YES;
				CLANG_WARN_OBJC_LITERAL_CONVERSION = YES;
				CLANG_WARN_OBJC_ROOT_CLASS = YES_ERROR;
				CLANG_WARN_QUOTED_INCLUDE_IN_FRAMEWORK_HEADER = YES;
				CLANG_WARN_RANGE_LOOP_ANALYSIS = YES;
				CLANG_WARN_STRICT_PROTOTYPES = YES;
				CLANG_WARN_SUSPICIOUS_MOVE = YES;
				CLANG_WARN_UNGUARDED_AVAILABILITY = YES_AGGRESSIVE;
				CLANG_WARN_UNREACHABLE_CODE = YES;
				CLANG_WARN__DUPLICATE_METHOD_MATCH = YES;
				COPY_PHASE_STRIP = NO;
				DEBUG_INFORMATION_FORMAT = dwarf;
				ENABLE_STRICT_OBJC_MSGSEND = YES;
				ENABLE_TESTABILITY = YES;
				GCC_C_LANGUAGE_STANDARD = gnu11;
				GCC_DYNAMIC_NO_PIC = NO;
				GCC_NO_COMMON_BLOCKS = YES;
				GCC_OPTIMIZATION_LEVEL = 0;
				GCC_PREPROCESSOR_DEFINITIONS = (
					"DEBUG=1",
					"$(inherited)",
				);
				GCC_WARN_64_TO_32_BIT_CONVERSION = YES;
				GCC_WARN_ABOUT_RETURN_TYPE = YES_ERROR;
				GCC_WARN_UNDECLARED_SELECTOR = YES;
				GCC_WARN_UNINITIALIZED_AUTOS = YES_AGGRESSIVE;
				GCC_WARN_UNUSED_FUNCTION = YES;
				GCC_WARN_UNUSED_VARIABLE = YES;
				IPHONEOS_DEPLOYMENT_TARGET = 14.5;
				MTL_ENABLE_DEBUG_INFO = INCLUDE_SOURCE;
				MTL_FAST_MATH = YES;
				ONLY_ACTIVE_ARCH = YES;
				SDKROOT = iphoneos;
				SWIFT_ACTIVE_COMPILATION_CONDITIONS = DEBUG;
				SWIFT_OPTIMIZATION_LEVEL = "-Onone";
			};
			name = Debug;
		};
		E67F566926E1E7F600079D3F /* Release */ = {
			isa = XCBuildConfiguration;
			buildSettings = {
				ALWAYS_SEARCH_USER_PATHS = NO;
				CLANG_ANALYZER_NONNULL = YES;
				CLANG_ANALYZER_NUMBER_OBJECT_CONVERSION = YES_AGGRESSIVE;
				CLANG_CXX_LANGUAGE_STANDARD = "gnu++14";
				CLANG_CXX_LIBRARY = "libc++";
				CLANG_ENABLE_MODULES = YES;
				CLANG_ENABLE_OBJC_ARC = YES;
				CLANG_ENABLE_OBJC_WEAK = YES;
				CLANG_WARN_BLOCK_CAPTURE_AUTORELEASING = YES;
				CLANG_WARN_BOOL_CONVERSION = YES;
				CLANG_WARN_COMMA = YES;
				CLANG_WARN_CONSTANT_CONVERSION = YES;
				CLANG_WARN_DEPRECATED_OBJC_IMPLEMENTATIONS = YES;
				CLANG_WARN_DIRECT_OBJC_ISA_USAGE = YES_ERROR;
				CLANG_WARN_DOCUMENTATION_COMMENTS = YES;
				CLANG_WARN_EMPTY_BODY = YES;
				CLANG_WARN_ENUM_CONVERSION = YES;
				CLANG_WARN_INFINITE_RECURSION = YES;
				CLANG_WARN_INT_CONVERSION = YES;
				CLANG_WARN_NON_LITERAL_NULL_CONVERSION = YES;
				CLANG_WARN_OBJC_IMPLICIT_RETAIN_SELF = YES;
				CLANG_WARN_OBJC_LITERAL_CONVERSION = YES;
				CLANG_WARN_OBJC_ROOT_CLASS = YES_ERROR;
				CLANG_WARN_QUOTED_INCLUDE_IN_FRAMEWORK_HEADER = YES;
				CLANG_WARN_RANGE_LOOP_ANALYSIS = YES;
				CLANG_WARN_STRICT_PROTOTYPES = YES;
				CLANG_WARN_SUSPICIOUS_MOVE = YES;
				CLANG_WARN_UNGUARDED_AVAILABILITY = YES_AGGRESSIVE;
				CLANG_WARN_UNREACHABLE_CODE = YES;
				CLANG_WARN__DUPLICATE_METHOD_MATCH = YES;
				COPY_PHASE_STRIP = NO;
				DEBUG_INFORMATION_FORMAT = "dwarf-with-dsym";
				ENABLE_NS_ASSERTIONS = NO;
				ENABLE_STRICT_OBJC_MSGSEND = YES;
				GCC_C_LANGUAGE_STANDARD = gnu11;
				GCC_NO_COMMON_BLOCKS = YES;
				GCC_WARN_64_TO_32_BIT_CONVERSION = YES;
				GCC_WARN_ABOUT_RETURN_TYPE = YES_ERROR;
				GCC_WARN_UNDECLARED_SELECTOR = YES;
				GCC_WARN_UNINITIALIZED_AUTOS = YES_AGGRESSIVE;
				GCC_WARN_UNUSED_FUNCTION = YES;
				GCC_WARN_UNUSED_VARIABLE = YES;
				IPHONEOS_DEPLOYMENT_TARGET = 14.5;
				MTL_ENABLE_DEBUG_INFO = NO;
				MTL_FAST_MATH = YES;
				SDKROOT = iphoneos;
				SWIFT_COMPILATION_MODE = wholemodule;
				SWIFT_OPTIMIZATION_LEVEL = "-O";
				VALIDATE_PRODUCT = YES;
			};
			name = Release;
		};
		E67F566B26E1E7F600079D3F /* Debug */ = {
			isa = XCBuildConfiguration;
			baseConfigurationReference = 9B1EC95DBA18AA0C2110C196 /* Pods-ExceriseDemo.debug.xcconfig */;
			buildSettings = {
				ASSETCATALOG_COMPILER_APPICON_NAME = AppIcon;
				ASSETCATALOG_COMPILER_GLOBAL_ACCENT_COLOR_NAME = AccentColor;
				CODE_SIGN_IDENTITY = "iPhone Developer";
				CODE_SIGN_STYLE = Manual;
				CURRENT_PROJECT_VERSION = 1.0;
				DEVELOPMENT_TEAM = 7VPF9C254N;
				INFOPLIST_FILE = ExceriseDemo/Info.plist;
				IPHONEOS_DEPLOYMENT_TARGET = 12.1;
				LD_RUNPATH_SEARCH_PATHS = (
					"$(inherited)",
					"@executable_path/Frameworks",
				);
				PRODUCT_BUNDLE_IDENTIFIER = com.dexterapps.ExceriseDemo;
				PRODUCT_NAME = "$(TARGET_NAME)";
				PROVISIONING_PROFILE_SPECIFIER = "Dexter Apps";
				SWIFT_OBJC_BRIDGING_HEADER = "$(SRCROOT)/ExceriseDemo/Helper/HeaderFile/ExceriseDemo-Bridging-Header.h";
				SWIFT_VERSION = 5.0;
				TARGETED_DEVICE_FAMILY = 1;
			};
			name = Debug;
		};
		E67F566C26E1E7F600079D3F /* Release */ = {
			isa = XCBuildConfiguration;
			baseConfigurationReference = 4283663924838218D4FB1D8D /* Pods-ExceriseDemo.release.xcconfig */;
			buildSettings = {
				ASSETCATALOG_COMPILER_APPICON_NAME = AppIcon;
				ASSETCATALOG_COMPILER_GLOBAL_ACCENT_COLOR_NAME = AccentColor;
				CODE_SIGN_IDENTITY = "iPhone Developer";
				CODE_SIGN_STYLE = Manual;
				CURRENT_PROJECT_VERSION = 1.0;
				DEVELOPMENT_TEAM = 7VPF9C254N;
				INFOPLIST_FILE = ExceriseDemo/Info.plist;
				IPHONEOS_DEPLOYMENT_TARGET = 12.1;
				LD_RUNPATH_SEARCH_PATHS = (
					"$(inherited)",
					"@executable_path/Frameworks",
				);
				PRODUCT_BUNDLE_IDENTIFIER = com.dexterapps.ExceriseDemo;
				PRODUCT_NAME = "$(TARGET_NAME)";
				PROVISIONING_PROFILE_SPECIFIER = "Dexter Apps";
				SWIFT_OBJC_BRIDGING_HEADER = "$(SRCROOT)/ExceriseDemo/Helper/HeaderFile/ExceriseDemo-Bridging-Header.h";
				SWIFT_VERSION = 5.0;
				TARGETED_DEVICE_FAMILY = 1;
			};
			name = Release;
		};
		E67F566E26E1E7F600079D3F /* Debug */ = {
			isa = XCBuildConfiguration;
			buildSettings = {
				ALWAYS_EMBED_SWIFT_STANDARD_LIBRARIES = YES;
				BUNDLE_LOADER = "$(TEST_HOST)";
				CODE_SIGN_STYLE = Automatic;
				INFOPLIST_FILE = ExceriseDemoTests/Info.plist;
				IPHONEOS_DEPLOYMENT_TARGET = 14.5;
				LD_RUNPATH_SEARCH_PATHS = (
					"$(inherited)",
					"@executable_path/Frameworks",
					"@loader_path/Frameworks",
				);
				PRODUCT_BUNDLE_IDENTIFIER = com.ExceriseDemoTests;
				PRODUCT_NAME = "$(TARGET_NAME)";
				SWIFT_VERSION = 5.0;
				TARGETED_DEVICE_FAMILY = "1,2";
				TEST_HOST = "$(BUILT_PRODUCTS_DIR)/ExceriseDemo.app/ExceriseDemo";
			};
			name = Debug;
		};
		E67F566F26E1E7F600079D3F /* Release */ = {
			isa = XCBuildConfiguration;
			buildSettings = {
				ALWAYS_EMBED_SWIFT_STANDARD_LIBRARIES = YES;
				BUNDLE_LOADER = "$(TEST_HOST)";
				CODE_SIGN_STYLE = Automatic;
				INFOPLIST_FILE = ExceriseDemoTests/Info.plist;
				IPHONEOS_DEPLOYMENT_TARGET = 14.5;
				LD_RUNPATH_SEARCH_PATHS = (
					"$(inherited)",
					"@executable_path/Frameworks",
					"@loader_path/Frameworks",
				);
				PRODUCT_BUNDLE_IDENTIFIER = com.ExceriseDemoTests;
				PRODUCT_NAME = "$(TARGET_NAME)";
				SWIFT_VERSION = 5.0;
				TARGETED_DEVICE_FAMILY = "1,2";
				TEST_HOST = "$(BUILT_PRODUCTS_DIR)/ExceriseDemo.app/ExceriseDemo";
			};
			name = Release;
		};
		E67F567126E1E7F600079D3F /* Debug */ = {
			isa = XCBuildConfiguration;
			buildSettings = {
				ALWAYS_EMBED_SWIFT_STANDARD_LIBRARIES = YES;
				CODE_SIGN_STYLE = Automatic;
				INFOPLIST_FILE = ExceriseDemoUITests/Info.plist;
				LD_RUNPATH_SEARCH_PATHS = (
					"$(inherited)",
					"@executable_path/Frameworks",
					"@loader_path/Frameworks",
				);
				PRODUCT_BUNDLE_IDENTIFIER = com.ExceriseDemoUITests;
				PRODUCT_NAME = "$(TARGET_NAME)";
				SWIFT_VERSION = 5.0;
				TARGETED_DEVICE_FAMILY = "1,2";
				TEST_TARGET_NAME = ExceriseDemo;
			};
			name = Debug;
		};
		E67F567226E1E7F600079D3F /* Release */ = {
			isa = XCBuildConfiguration;
			buildSettings = {
				ALWAYS_EMBED_SWIFT_STANDARD_LIBRARIES = YES;
				CODE_SIGN_STYLE = Automatic;
				INFOPLIST_FILE = ExceriseDemoUITests/Info.plist;
				LD_RUNPATH_SEARCH_PATHS = (
					"$(inherited)",
					"@executable_path/Frameworks",
					"@loader_path/Frameworks",
				);
				PRODUCT_BUNDLE_IDENTIFIER = com.ExceriseDemoUITests;
				PRODUCT_NAME = "$(TARGET_NAME)";
				SWIFT_VERSION = 5.0;
				TARGETED_DEVICE_FAMILY = "1,2";
				TEST_TARGET_NAME = ExceriseDemo;
			};
			name = Release;
		};
/* End XCBuildConfiguration section */

/* Begin XCConfigurationList section */
		E67F563B26E1E7F300079D3F /* Build configuration list for PBXProject "ExceriseDemo" */ = {
			isa = XCConfigurationList;
			buildConfigurations = (
				E67F566826E1E7F600079D3F /* Debug */,
				E67F566926E1E7F600079D3F /* Release */,
			);
			defaultConfigurationIsVisible = 0;
			defaultConfigurationName = Release;
		};
		E67F566A26E1E7F600079D3F /* Build configuration list for PBXNativeTarget "ExceriseDemo" */ = {
			isa = XCConfigurationList;
			buildConfigurations = (
				E67F566B26E1E7F600079D3F /* Debug */,
				E67F566C26E1E7F600079D3F /* Release */,
			);
			defaultConfigurationIsVisible = 0;
			defaultConfigurationName = Release;
		};
		E67F566D26E1E7F600079D3F /* Build configuration list for PBXNativeTarget "ExceriseDemoTests" */ = {
			isa = XCConfigurationList;
			buildConfigurations = (
				E67F566E26E1E7F600079D3F /* Debug */,
				E67F566F26E1E7F600079D3F /* Release */,
			);
			defaultConfigurationIsVisible = 0;
			defaultConfigurationName = Release;
		};
		E67F567026E1E7F600079D3F /* Build configuration list for PBXNativeTarget "ExceriseDemoUITests" */ = {
			isa = XCConfigurationList;
			buildConfigurations = (
				E67F567126E1E7F600079D3F /* Debug */,
				E67F567226E1E7F600079D3F /* Release */,
			);
			defaultConfigurationIsVisible = 0;
			defaultConfigurationName = Release;
		};
/* End XCConfigurationList section */
	};
	rootObject = E67F563826E1E7F300079D3F /* Project object */;
}
